// !$*UTF8*$!
{
	archiveVersion = 1;
	classes = {
	};
	objectVersion = 50;
	objects = {

/* Begin PBXBuildFile section */
		A26DAE00251BC87A00CDEA14 /* AppDelegate.swift in Sources */ = {isa = PBXBuildFile; fileRef = A26DADFF251BC87A00CDEA14 /* AppDelegate.swift */; };
		A26DAE02251BC87A00CDEA14 /* SceneDelegate.swift in Sources */ = {isa = PBXBuildFile; fileRef = A26DAE01251BC87A00CDEA14 /* SceneDelegate.swift */; };
		A26DAE04251BC87A00CDEA14 /* ViewController.swift in Sources */ = {isa = PBXBuildFile; fileRef = A26DAE03251BC87A00CDEA14 /* ViewController.swift */; };
		A26DAE07251BC87A00CDEA14 /* Main.storyboard in Resources */ = {isa = PBXBuildFile; fileRef = A26DAE05251BC87A00CDEA14 /* Main.storyboard */; };
		A26DAE09251BC87B00CDEA14 /* Assets.xcassets in Resources */ = {isa = PBXBuildFile; fileRef = A26DAE08251BC87B00CDEA14 /* Assets.xcassets */; };
		A26DAE0C251BC87B00CDEA14 /* LaunchScreen.storyboard in Resources */ = {isa = PBXBuildFile; fileRef = A26DAE0A251BC87B00CDEA14 /* LaunchScreen.storyboard */; };
/* End PBXBuildFile section */

/* Begin PBXFileReference section */
		A26DADFC251BC87A00CDEA14 /* MovieChallange.app */ = {isa = PBXFileReference; explicitFileType = wrapper.application; includeInIndex = 0; path = MovieChallange.app; sourceTree = BUILT_PRODUCTS_DIR; };
		A26DADFF251BC87A00CDEA14 /* AppDelegate.swift */ = {isa = PBXFileReference; lastKnownFileType = sourcecode.swift; path = AppDelegate.swift; sourceTree = "<group>"; };
		A26DAE01251BC87A00CDEA14 /* SceneDelegate.swift */ = {isa = PBXFileReference; lastKnownFileType = sourcecode.swift; path = SceneDelegate.swift; sourceTree = "<group>"; };
		A26DAE03251BC87A00CDEA14 /* ViewController.swift */ = {isa = PBXFileReference; lastKnownFileType = sourcecode.swift; path = ViewController.swift; sourceTree = "<group>"; };
		A26DAE06251BC87A00CDEA14 /* Base */ = {isa = PBXFileReference; lastKnownFileType = file.storyboard; name = Base; path = Base.lproj/Main.storyboard; sourceTree = "<group>"; };
		A26DAE08251BC87B00CDEA14 /* Assets.xcassets */ = {isa = PBXFileReference; lastKnownFileType = folder.assetcatalog; path = Assets.xcassets; sourceTree = "<group>"; };
		A26DAE0B251BC87B00CDEA14 /* Base */ = {isa = PBXFileReference; lastKnownFileType = file.storyboard; name = Base; path = Base.lproj/LaunchScreen.storyboard; sourceTree = "<group>"; };
		A26DAE0D251BC87B00CDEA14 /* Info.plist */ = {isa = PBXFileReference; lastKnownFileType = text.plist.xml; path = Info.plist; sourceTree = "<group>"; };
/* End PBXFileReference section */

/* Begin PBXFrameworksBuildPhase section */
		A26DADF9251BC87A00CDEA14 /* Frameworks */ = {
			isa = PBXFrameworksBuildPhase;
			buildActionMask = 2147483647;
			files = (
			);
			runOnlyForDeploymentPostprocessing = 0;
		};
/* End PBXFrameworksBuildPhase section */

/* Begin PBXGroup section */
		A26DADF3251BC87A00CDEA14 = {
			isa = PBXGroup;
			children = (
				A26DADFE251BC87A00CDEA14 /* MovieChallange */,
				A26DADFD251BC87A00CDEA14 /* Products */,
			);
			sourceTree = "<group>";
		};
		A26DADFD251BC87A00CDEA14 /* Products */ = {
			isa = PBXGroup;
			children = (
				A26DADFC251BC87A00CDEA14 /* MovieChallange.app */,
			);
			name = Products;
			sourceTree = "<group>";
		};
		A26DADFE251BC87A00CDEA14 /* MovieChallange */ = {
			isa = PBXGroup;
			children = (
				A26DADFF251BC87A00CDEA14 /* AppDelegate.swift */,
				A26DAE01251BC87A00CDEA14 /* SceneDelegate.swift */,
				A26DAE03251BC87A00CDEA14 /* ViewController.swift */,
				A26DAE05251BC87A00CDEA14 /* Main.storyboard */,
				A26DAE08251BC87B00CDEA14 /* Assets.xcassets */,
				A26DAE0A251BC87B00CDEA14 /* LaunchScreen.storyboard */,
				A26DAE0D251BC87B00CDEA14 /* Info.plist */,
			);
			path = MovieChallange;
			sourceTree = "<group>";
		};
/* End PBXGroup section */

/* Begin PBXNativeTarget section */
		A26DADFB251BC87A00CDEA14 /* MovieChallange */ = {
			isa = PBXNativeTarget;
			buildConfigurationList = A26DAE10251BC87B00CDEA14 /* Build configuration list for PBXNativeTarget "MovieChallange" */;
			buildPhases = (
				A26DADF8251BC87A00CDEA14 /* Sources */,
				A26DADF9251BC87A00CDEA14 /* Frameworks */,
				A26DADFA251BC87A00CDEA14 /* Resources */,
			);
			buildRules = (
			);
			dependencies = (
			);
			name = MovieChallange;
			productName = MovieChallange;
			productReference = A26DADFC251BC87A00CDEA14 /* MovieChallange.app */;
			productType = "com.apple.product-type.application";
		};
/* End PBXNativeTarget section */

/* Begin PBXProject section */
		A26DADF4251BC87A00CDEA14 /* Project object */ = {
			isa = PBXProject;
			attributes = {
				LastSwiftUpdateCheck = 1200;
				LastUpgradeCheck = 1200;
				TargetAttributes = {
					A26DADFB251BC87A00CDEA14 = {
						CreatedOnToolsVersion = 12.0;
					};
				};
			};
			buildConfigurationList = A26DADF7251BC87A00CDEA14 /* Build configuration list for PBXProject "MovieChallange" */;
			compatibilityVersion = "Xcode 9.3";
			developmentRegion = en;
			hasScannedForEncodings = 0;
			knownRegions = (
				en,
				Base,
			);
			mainGroup = A26DADF3251BC87A00CDEA14;
			productRefGroup = A26DADFD251BC87A00CDEA14 /* Products */;
			projectDirPath = "";
			projectRoot = "";
			targets = (
				A26DADFB251BC87A00CDEA14 /* MovieChallange */,
			);
		};
/* End PBXProject section */

/* Begin PBXResourcesBuildPhase section */
		A26DADFA251BC87A00CDEA14 /* Resources */ = {
			isa = PBXResourcesBuildPhase;
			buildActionMask = 2147483647;
			files = (
				A26DAE0C251BC87B00CDEA14 /* LaunchScreen.storyboard in Resources */,
				A26DAE09251BC87B00CDEA14 /* Assets.xcassets in Resources */,
				A26DAE07251BC87A00CDEA14 /* Main.storyboard in Resources */,
			);
			runOnlyForDeploymentPostprocessing = 0;
		};
/* End PBXResourcesBuildPhase section */

/* Begin PBXSourcesBuildPhase section */
		A26DADF8251BC87A00CDEA14 /* Sources */ = {
			isa = PBXSourcesBuildPhase;
			buildActionMask = 2147483647;
			files = (
				A26DAE04251BC87A00CDEA14 /* ViewController.swift in Sources */,
				A26DAE00251BC87A00CDEA14 /* AppDelegate.swift in Sources */,
				A26DAE02251BC87A00CDEA14 /* SceneDelegate.swift in Sources */,
			);
			runOnlyForDeploymentPostprocessing = 0;
		};
/* End PBXSourcesBuildPhase section */

/* Begin PBXVariantGroup section */
		A26DAE05251BC87A00CDEA14 /* Main.storyboard */ = {
			isa = PBXVariantGroup;
			children = (
				A26DAE06251BC87A00CDEA14 /* Base */,
			);
			name = Main.storyboard;
			sourceTree = "<group>";
		};
		A26DAE0A251BC87B00CDEA14 /* LaunchScreen.storyboard */ = {
			isa = PBXVariantGroup;
			children = (
				A26DAE0B251BC87B00CDEA14 /* Base */,
			);
			name = LaunchScreen.storyboard;
			sourceTree = "<group>";
		};
/* End PBXVariantGroup section */

/* Begin XCBuildConfiguration section */
		A26DAE0E251BC87B00CDEA14 /* Debug */ = {
			isa = XCBuildConfiguration;
			buildSettings = {
				ALWAYS_SEARCH_USER_PATHS = NO;
				CLANG_ANALYZER_NONNULL = YES;
				CLANG_ANALYZER_NUMBER_OBJECT_CONVERSION = YES_AGGRESSIVE;
				CLANG_CXX_LANGUAGE_STANDARD = "gnu++14";
				CLANG_CXX_LIBRARY = "libc++";
				CLANG_ENABLE_MODULES = YES;
				CLANG_ENABLE_OBJC_ARC = YES;
				CLANG_ENABLE_OBJC_WEAK = YES;
				CLANG_WARN_BLOCK_CAPTURE_AUTORELEASING = YES;
				CLANG_WARN_BOOL_CONVERSION = YES;
				CLANG_WARN_COMMA = YES;
				CLANG_WARN_CONSTANT_CONVERSION = YES;
				CLANG_WARN_DEPRECATED_OBJC_IMPLEMENTATIONS = YES;
				CLANG_WARN_DIRECT_OBJC_ISA_USAGE = YES_ERROR;
				CLANG_WARN_DOCUMENTATION_COMMENTS = YES;
				CLANG_WARN_EMPTY_BODY = YES;
				CLANG_WARN_ENUM_CONVERSION = YES;
				CLANG_WARN_INFINITE_RECURSION = YES;
				CLANG_WARN_INT_CONVERSION = YES;
				CLANG_WARN_NON_LITERAL_NULL_CONVERSION = YES;
				CLANG_WARN_OBJC_IMPLICIT_RETAIN_SELF = YES;
				CLANG_WARN_OBJC_LITERAL_CONVERSION = YES;
				CLANG_WARN_OBJC_ROOT_CLASS = YES_ERROR;
				CLANG_WARN_QUOTED_INCLUDE_IN_FRAMEWORK_HEADER = YES;
				CLANG_WARN_RANGE_LOOP_ANALYSIS = YES;
				CLANG_WARN_STRICT_PROTOTYPES = YES;
				CLANG_WARN_SUSPICIOUS_MOVE = YES;
				CLANG_WARN_UNGUARDED_AVAILABILITY = YES_AGGRESSIVE;
				CLANG_WARN_UNREACHABLE_CODE = YES;
				CLANG_WARN__DUPLICATE_METHOD_MATCH = YES;
				COPY_PHASE_STRIP = NO;
				DEBUG_INFORMATION_FORMAT = dwarf;
				ENABLE_STRICT_OBJC_MSGSEND = YES;
				ENABLE_TESTABILITY = YES;
				GCC_C_LANGUAGE_STANDARD = gnu11;
				GCC_DYNAMIC_NO_PIC = NO;
				GCC_NO_COMMON_BLOCKS = YES;
				GCC_OPTIMIZATION_LEVEL = 0;
				GCC_PREPROCESSOR_DEFINITIONS = (
					"DEBUG=1",
					"$(inherited)",
				);
				GCC_WARN_64_TO_32_BIT_CONVERSION = YES;
				GCC_WARN_ABOUT_RETURN_TYPE = YES_ERROR;
				GCC_WARN_UNDECLARED_SELECTOR = YES;
				GCC_WARN_UNINITIALIZED_AUTOS = YES_AGGRESSIVE;
				GCC_WARN_UNUSED_FUNCTION = YES;
				GCC_WARN_UNUSED_VARIABLE = YES;
				IPHONEOS_DEPLOYMENT_TARGET = 14.0;
				MTL_ENABLE_DEBUG_INFO = INCLUDE_SOURCE;
				MTL_FAST_MATH = YES;
				ONLY_ACTIVE_ARCH = YES;
				SDKROOT = iphoneos;
				SWIFT_ACTIVE_COMPILATION_CONDITIONS = DEBUG;
				SWIFT_OPTIMIZATION_LEVEL = "-Onone";
			};
			name = Debug;
		};
		A26DAE0F251BC87B00CDEA14 /* Release */ = {
			isa = XCBuildConfiguration;
			buildSettings = {
				ALWAYS_SEARCH_USER_PATHS = NO;
				CLANG_ANALYZER_NONNULL = YES;
				CLANG_ANALYZER_NUMBER_OBJECT_CONVERSION = YES_AGGRESSIVE;
				CLANG_CXX_LANGUAGE_STANDARD = "gnu++14";
				CLANG_CXX_LIBRARY = "libc++";
				CLANG_ENABLE_MODULES = YES;
				CLANG_ENABLE_OBJC_ARC = YES;
				CLANG_ENABLE_OBJC_WEAK = YES;
				CLANG_WARN_BLOCK_CAPTURE_AUTORELEASING = YES;
				CLANG_WARN_BOOL_CONVERSION = YES;
				CLANG_WARN_COMMA = YES;
				CLANG_WARN_CONSTANT_CONVERSION = YES;
				CLANG_WARN_DEPRECATED_OBJC_IMPLEMENTATIONS = YES;
				CLANG_WARN_DIRECT_OBJC_ISA_USAGE = YES_ERROR;
				CLANG_WARN_DOCUMENTATION_COMMENTS = YES;
				CLANG_WARN_EMPTY_BODY = YES;
				CLANG_WARN_ENUM_CONVERSION = YES;
				CLANG_WARN_INFINITE_RECURSION = YES;
				CLANG_WARN_INT_CONVERSION = YES;
				CLANG_WARN_NON_LITERAL_NULL_CONVERSION = YES;
				CLANG_WARN_OBJC_IMPLICIT_RETAIN_SELF = YES;
				CLANG_WARN_OBJC_LITERAL_CONVERSION = YES;
				CLANG_WARN_OBJC_ROOT_CLASS = YES_ERROR;
				CLANG_WARN_QUOTED_INCLUDE_IN_FRAMEWORK_HEADER = YES;
				CLANG_WARN_RANGE_LOOP_ANALYSIS = YES;
				CLANG_WARN_STRICT_PROTOTYPES = YES;
				CLANG_WARN_SUSPICIOUS_MOVE = YES;
				CLANG_WARN_UNGUARDED_AVAILABILITY = YES_AGGRESSIVE;
				CLANG_WARN_UNREACHABLE_CODE = YES;
				CLANG_WARN__DUPLICATE_METHOD_MATCH = YES;
				COPY_PHASE_STRIP = NO;
				DEBUG_INFORMATION_FORMAT = "dwarf-with-dsym";
				ENABLE_NS_ASSERTIONS = NO;
				ENABLE_STRICT_OBJC_MSGSEND = YES;
				GCC_C_LANGUAGE_STANDARD = gnu11;
				GCC_NO_COMMON_BLOCKS = YES;
				GCC_WARN_64_TO_32_BIT_CONVERSION = YES;
				GCC_WARN_ABOUT_RETURN_TYPE = YES_ERROR;
				GCC_WARN_UNDECLARED_SELECTOR = YES;
				GCC_WARN_UNINITIALIZED_AUTOS = YES_AGGRESSIVE;
				GCC_WARN_UNUSED_FUNCTION = YES;
				GCC_WARN_UNUSED_VARIABLE = YES;
				IPHONEOS_DEPLOYMENT_TARGET = 14.0;
				MTL_ENABLE_DEBUG_INFO = NO;
				MTL_FAST_MATH = YES;
				SDKROOT = iphoneos;
				SWIFT_COMPILATION_MODE = wholemodule;
				SWIFT_OPTIMIZATION_LEVEL = "-O";
				VALIDATE_PRODUCT = YES;
			};
			name = Release;
		};
		A26DAE11251BC87B00CDEA14 /* Debug */ = {
			isa = XCBuildConfiguration;
			buildSettings = {
				ASSETCATALOG_COMPILER_APPICON_NAME = AppIcon;
				ASSETCATALOG_COMPILER_GLOBAL_ACCENT_COLOR_NAME = AccentColor;
				CODE_SIGN_STYLE = Automatic;
				DEVELOPMENT_TEAM = XMQ4VP998R;
				INFOPLIST_FILE = MovieChallange/Info.plist;
				LD_RUNPATH_SEARCH_PATHS = (
					"$(inherited)",
					"@executable_path/Frameworks",
				);
				PRODUCT_BUNDLE_IDENTIFIER = com.tahamuhsinyilmaz.MovieChallange;
				PRODUCT_NAME = "$(TARGET_NAME)";
				SWIFT_VERSION = 5.0;
				TARGETED_DEVICE_FAMILY = "1,2";
			};
			name = Debug;
		};
		A26DAE12251BC87B00CDEA14 /* Release */ = {
			isa = XCBuildConfiguration;
			buildSettings = {
				ASSETCATALOG_COMPILER_APPICON_NAME = AppIcon;
				ASSETCATALOG_COMPILER_GLOBAL_ACCENT_COLOR_NAME = AccentColor;
				CODE_SIGN_STYLE = Automatic;
				DEVELOPMENT_TEAM = XMQ4VP998R;
				INFOPLIST_FILE = MovieChallange/Info.plist;
				LD_RUNPATH_SEARCH_PATHS = (
					"$(inherited)",
					"@executable_path/Frameworks",
				);
				PRODUCT_BUNDLE_IDENTIFIER = com.tahamuhsinyilmaz.MovieChallange;
				PRODUCT_NAME = "$(TARGET_NAME)";
				SWIFT_VERSION = 5.0;
				TARGETED_DEVICE_FAMILY = "1,2";
			};
			name = Release;
		};
/* End XCBuildConfiguration section */

/* Begin XCConfigurationList section */
		A26DADF7251BC87A00CDEA14 /* Build configuration list for PBXProject "MovieChallange" */ = {
			isa = XCConfigurationList;
			buildConfigurations = (
				A26DAE0E251BC87B00CDEA14 /* Debug */,
				A26DAE0F251BC87B00CDEA14 /* Release */,
			);
			defaultConfigurationIsVisible = 0;
			defaultConfigurationName = Release;
		};
		A26DAE10251BC87B00CDEA14 /* Build configuration list for PBXNativeTarget "MovieChallange" */ = {
			isa = XCConfigurationList;
			buildConfigurations = (
				A26DAE11251BC87B00CDEA14 /* Debug */,
				A26DAE12251BC87B00CDEA14 /* Release */,
			);
			defaultConfigurationIsVisible = 0;
			defaultConfigurationName = Release;
		};
/* End XCConfigurationList section */
	};
	rootObject = A26DADF4251BC87A00CDEA14 /* Project object */;
}
